{
  "nodes": {
    "flake-compat": {
      "locked": {
        "lastModified": 1746162366,
        "narHash": "sha256-5SSSZ/oQkwfcAz/o/6TlejlVGqeK08wyREBQ5qFFPhM=",
        "owner": "nix-community",
        "repo": "flake-compat",
        "rev": "0f158086a2ecdbb138cd0429410e44994f1b7e4b",
        "type": "github"
      },
      "original": {
        "owner": "nix-community",
        "repo": "flake-compat",
        "type": "github"
      }
    },
    "librewolf": {
      "inputs": {
        "nixpkgs": [
          "nixpkgs"
        ]
      },
      "locked": {
        "dir": "pkgs/librewolf",
        "lastModified": 1755986567,
        "narHash": "sha256-nFK5f2OHLueHF69eUgaoeWv5QQZPTIjLImiWG/+Avfc=",
        "owner": "GavBog",
        "repo": "nix",
        "rev": "aa712b670e58fd800370577e9e43467a86776634",
        "type": "github"
      },
      "original": {
        "dir": "pkgs/librewolf",
        "owner": "GavBog",
        "repo": "nix",
        "type": "github"
      }
    },
    "nixCats": {
      "locked": {
        "lastModified": 1755685723,
        "narHash": "sha256-WU7yfMmEbYmJnTWPe0RQpZyjf3c+btJ3BfE9RlnTtU0=",
        "owner": "BirdeeHub",
        "repo": "nixCats-nvim",
        "rev": "515fb737c41504df023f9638aa0b63111a881c76",
        "type": "github"
      },
      "original": {
        "owner": "BirdeeHub",
        "repo": "nixCats-nvim",
        "type": "github"
      }
    },
    "nixos-apple-silicon": {
      "inputs": {
        "flake-compat": "flake-compat",
        "nixpkgs": [
          "nixpkgs"
        ],
        "treefmt-nix": "treefmt-nix"
      },
      "locked": {
        "lastModified": 1756110286,
        "narHash": "sha256-NE0HwcQCQTgM+HuYqmiemPf/5e+3fjwowceAyJj+ikU=",
        "owner": "nix-community",
        "repo": "nixos-apple-silicon",
        "rev": "b99bf9bf7445416fe55da09034fc4a6cd733805c",
        "type": "github"
      },
      "original": {
        "owner": "nix-community",
        "repo": "nixos-apple-silicon",
        "type": "github"
      }
    },
    "nixpkgs": {
      "locked": {
        "lastModified": 1756536218,
        "narHash": "sha256-ynQxPVN2FIPheUgTFhv01gYLbaiSOS7NgWJPm9LF9D0=",
        "owner": "nixos",
        "repo": "nixpkgs",
        "rev": "a918bb3594dd243c2f8534b3be01b3cb4ed35fd1",
        "type": "github"
      },
      "original": {
        "owner": "nixos",
        "ref": "nixpkgs-unstable",
        "repo": "nixpkgs",
        "type": "github"
      }
    },
    "nvim": {
      "inputs": {
        "nixCats": "nixCats",
        "nixpkgs": [
          "nixpkgs"
        ]
      },
      "locked": {
        "dir": "pkgs/nvim",
        "lastModified": 1755986567,
        "narHash": "sha256-nFK5f2OHLueHF69eUgaoeWv5QQZPTIjLImiWG/+Avfc=",
        "owner": "GavBog",
        "repo": "nix",
        "rev": "aa712b670e58fd800370577e9e43467a86776634",
        "type": "github"
      },
      "original": {
        "dir": "pkgs/nvim",
        "owner": "GavBog",
        "repo": "nix",
        "type": "github"
      }
    },
    "root": {
      "inputs": {
        "librewolf": "librewolf",
        "nixos-apple-silicon": "nixos-apple-silicon",
        "nixpkgs": "nixpkgs",
        "nvim": "nvim"
      }
    },
    "treefmt-nix": {
      "inputs": {
        "nixpkgs": [
          "nixos-apple-silicon",
          "nixpkgs"
        ]
      },
      "locked": {
        "lastModified": 1754847726,
        "narHash": "sha256-2vX8QjO5lRsDbNYvN9hVHXLU6oMl+V/PsmIiJREG4rE=",
        "owner": "numtide",
        "repo": "treefmt-nix",
        "rev": "7d81f6fb2e19bf84f1c65135d1060d829fae2408",
        "type": "github"
      },
      "original": {
        "owner": "numtide",
        "repo": "treefmt-nix",
        "type": "github"
      }
    }
  },
  "root": "root",
  "version": 7
}
