{
  "nodes": {
    "dirt-samples-src": {
      "flake": false,
      "locked": {
        "lastModified": 1698439458,
        "narHash": "sha256-Mp8qBpsOvW9Zguv95Kv7EU6S3ICaF2aO02Wz6xGURtE=",
        "owner": "tidalcycles",
        "repo": "dirt-samples",
        "rev": "9a6dff8f9ec3cd55b287290cf04e01afa6b8f532",
        "type": "github"
      },
      "original": {
        "owner": "tidalcycles",
        "repo": "dirt-samples",
        "type": "github"
      }
    },
    "flake-compat": {
      "flake": false,
      "locked": {
        "lastModified": 1747046372,
        "narHash": "sha256-CIVLLkVgvHYbgI2UpXvIIBJ12HWgX+fjA8Xf8PUmqCY=",
        "owner": "edolstra",
        "repo": "flake-compat",
        "rev": "9100a0f413b0c601e0533d1d94ffd501ce2e7885",
        "type": "github"
      },
      "original": {
        "owner": "edolstra",
        "repo": "flake-compat",
        "type": "github"
      }
    },
    "flake-compat_2": {
      "flake": false,
      "locked": {
        "lastModified": 1747046372,
        "narHash": "sha256-CIVLLkVgvHYbgI2UpXvIIBJ12HWgX+fjA8Xf8PUmqCY=",
        "owner": "edolstra",
        "repo": "flake-compat",
        "rev": "9100a0f413b0c601e0533d1d94ffd501ce2e7885",
        "type": "github"
      },
      "original": {
        "owner": "edolstra",
        "repo": "flake-compat",
        "type": "github"
      }
    },
    "flake-compat_3": {
      "locked": {
        "lastModified": 1746162366,
        "narHash": "sha256-5SSSZ/oQkwfcAz/o/6TlejlVGqeK08wyREBQ5qFFPhM=",
        "owner": "nix-community",
        "repo": "flake-compat",
        "rev": "0f158086a2ecdbb138cd0429410e44994f1b7e4b",
        "type": "github"
      },
      "original": {
        "owner": "nix-community",
        "repo": "flake-compat",
        "type": "github"
      }
    },
    "flake-parts": {
      "inputs": {
        "nixpkgs-lib": [
          "neovim-nightly-overlay",
          "nixpkgs"
        ]
      },
      "locked": {
        "lastModified": 1759362264,
        "narHash": "sha256-wfG0S7pltlYyZTM+qqlhJ7GMw2fTF4mLKCIVhLii/4M=",
        "owner": "hercules-ci",
        "repo": "flake-parts",
        "rev": "758cf7296bee11f1706a574c77d072b8a7baa881",
        "type": "github"
      },
      "original": {
        "owner": "hercules-ci",
        "repo": "flake-parts",
        "type": "github"
      }
    },
    "git-hooks": {
      "inputs": {
        "flake-compat": "flake-compat_2",
        "gitignore": "gitignore",
        "nixpkgs": [
          "neovim-nightly-overlay",
          "nixpkgs"
        ]
      },
      "locked": {
        "lastModified": 1759523803,
        "narHash": "sha256-PTod9NG+i3XbbnBKMl/e5uHDBYpwIWivQ3gOWSEuIEM=",
        "owner": "cachix",
        "repo": "git-hooks.nix",
        "rev": "cfc9f7bb163ad8542029d303e599c0f7eee09835",
        "type": "github"
      },
      "original": {
        "owner": "cachix",
        "repo": "git-hooks.nix",
        "type": "github"
      }
    },
    "gitignore": {
      "inputs": {
        "nixpkgs": [
          "neovim-nightly-overlay",
          "git-hooks",
          "nixpkgs"
        ]
      },
      "locked": {
        "lastModified": 1709087332,
        "narHash": "sha256-HG2cCnktfHsKV0s4XW83gU3F57gaTljL9KNSuG6bnQs=",
        "owner": "hercules-ci",
        "repo": "gitignore.nix",
        "rev": "637db329424fd7e46cf4185293b9cc8c88c95394",
        "type": "github"
      },
      "original": {
        "owner": "hercules-ci",
        "repo": "gitignore.nix",
        "type": "github"
      }
    },
    "hercules-ci-effects": {
      "inputs": {
        "flake-parts": [
          "neovim-nightly-overlay",
          "flake-parts"
        ],
        "nixpkgs": [
          "neovim-nightly-overlay",
          "nixpkgs"
        ]
      },
      "locked": {
        "lastModified": 1758022363,
        "narHash": "sha256-ENUhCRWgSX4ni751HieNuQoq06dJvApV/Nm89kh+/A0=",
        "owner": "hercules-ci",
        "repo": "hercules-ci-effects",
        "rev": "1a3667d33e247ad35ca250698d63f49a5453d824",
        "type": "github"
      },
      "original": {
        "owner": "hercules-ci",
        "repo": "hercules-ci-effects",
        "type": "github"
      }
    },
    "neovim-nightly-overlay": {
      "inputs": {
        "flake-compat": "flake-compat",
        "flake-parts": "flake-parts",
        "git-hooks": "git-hooks",
        "hercules-ci-effects": "hercules-ci-effects",
        "neovim-src": "neovim-src",
        "nixpkgs": [
          "nixpkgs"
        ],
        "treefmt-nix": "treefmt-nix"
      },
      "locked": {
        "lastModified": 1759622679,
        "narHash": "sha256-+/0K3bsMhPqrCSFxSiTmW4DJwwVv73mIV0oi/RUzjtQ=",
        "owner": "nix-community",
        "repo": "neovim-nightly-overlay",
        "rev": "6c271ead5b79854a8ac46025d6c05321777b8b6e",
        "type": "github"
      },
      "original": {
        "owner": "nix-community",
        "repo": "neovim-nightly-overlay",
        "type": "github"
      }
    },
    "neovim-src": {
      "flake": false,
      "locked": {
        "lastModified": 1759596509,
        "narHash": "sha256-4goAzSWn2el9o2r3OB4ywOiCmZ+3k4+MB+Q9M1vuN0I=",
        "owner": "neovim",
        "repo": "neovim",
        "rev": "ea124068f246eeb5e436c1fc62c9379d9b936f15",
        "type": "github"
      },
      "original": {
        "owner": "neovim",
        "repo": "neovim",
        "type": "github"
      }
    },
    "nix-index-database": {
      "inputs": {
        "nixpkgs": [
          "nixpkgs"
        ]
      },
      "locked": {
        "lastModified": 1759032422,
        "narHash": "sha256-WZf+FhebP2/1pK2np5xj/NuDjD6fXK2BHnq/tPUN18o=",
        "owner": "nix-community",
        "repo": "nix-index-database",
        "rev": "ec7a78cb0e098832d8acac091a4df393259c4839",
        "type": "github"
      },
      "original": {
        "owner": "nix-community",
        "repo": "nix-index-database",
        "type": "github"
      }
    },
    "nixCats": {
      "locked": {
        "lastModified": 1758545673,
        "narHash": "sha256-MMcEImF7vHqImzrdRlSFCbzGq0ebi/5eSYwypNGr+AA=",
        "owner": "BirdeeHub",
        "repo": "nixCats-nvim",
        "rev": "91f9a4b4605cc3aed835e180eb58a5bd73236407",
        "type": "github"
      },
      "original": {
        "owner": "BirdeeHub",
        "repo": "nixCats-nvim",
        "type": "github"
      }
    },
    "nixos-apple-silicon": {
      "inputs": {
        "flake-compat": "flake-compat_3",
        "nixpkgs": [
          "nixpkgs"
        ]
      },
      "locked": {
        "lastModified": 1759244631,
        "narHash": "sha256-b8k+l2ygOZD3ABD8H2Nl/oiZ7byT52SLrqiU3D5FG88=",
        "owner": "nix-community",
        "repo": "nixos-apple-silicon",
        "rev": "db555f5ac04144c5a56d60dbf4e15a3e58ccae08",
        "type": "github"
      },
      "original": {
        "owner": "nix-community",
        "repo": "nixos-apple-silicon",
        "type": "github"
      }
    },
    "nixpkgs": {
      "locked": {
        "lastModified": 1759570798,
        "narHash": "sha256-kbkzsUKYzKhuvMOuxt/aTwWU2mnrwoY964yN3Y4dE98=",
        "owner": "nixos",
        "repo": "nixpkgs",
        "rev": "0d4f673a88f8405ae14484e6a1ea870e0ba4ca26",
        "type": "github"
      },
      "original": {
        "owner": "nixos",
        "ref": "nixpkgs-unstable",
        "repo": "nixpkgs",
        "type": "github"
      }
    },
    "nvim-treesitter": {
      "flake": false,
      "locked": {
        "lastModified": 1759376029,
        "narHash": "sha256-Cu6Wg9SKJpYAkp8DPAXe4Rf9OSSWW2wNdmCkYtl//fw=",
        "owner": "nvim-treesitter",
        "repo": "nvim-treesitter",
        "rev": "99bd52ba56a4b7c9a8cc50a6140180755e76fac6",
        "type": "github"
      },
      "original": {
        "owner": "nvim-treesitter",
        "ref": "main",
        "repo": "nvim-treesitter",
        "type": "github"
      }
    },
    "nvim-treesitter-main": {
      "inputs": {
        "nixpkgs": [
          "nixpkgs"
        ],
        "nvim-treesitter": "nvim-treesitter",
        "nvim-treesitter-textobjects": "nvim-treesitter-textobjects"
      },
      "locked": {
        "lastModified": 1759979826,
        "narHash": "sha256-qV/hxp8oNVRCILWO+ChrhD3akmbI+7NUgh4rdE2lSuI=",
        "owner": "iofq",
        "repo": "nvim-treesitter-main",
        "rev": "f99c66a95b8820fe7781650addd854709e66635c",
        "type": "github"
      },
      "original": {
        "owner": "iofq",
        "repo": "nvim-treesitter-main",
        "type": "github"
      }
    },
    "nvim-treesitter-textobjects": {
      "flake": false,
      "locked": {
        "lastModified": 1756368113,
        "narHash": "sha256-+KmOpRi4JAqm6UqYdtk80jwFrJhLCs0lZM/Liofq0R4=",
        "owner": "nvim-treesitter",
        "repo": "nvim-treesitter-textobjects",
        "rev": "1b2d85d3de6114c4bcea89ffb2cd1ce9e3a19931",
        "type": "github"
      },
      "original": {
        "owner": "nvim-treesitter",
        "ref": "main",
        "repo": "nvim-treesitter-textobjects",
        "type": "github"
      }
    },
    "root": {
      "inputs": {
        "neovim-nightly-overlay": "neovim-nightly-overlay",
        "nix-index-database": "nix-index-database",
        "nixCats": "nixCats",
        "nixos-apple-silicon": "nixos-apple-silicon",
        "nixpkgs": "nixpkgs",
        "nvim-treesitter-main": "nvim-treesitter-main",
        "tidal-cycles": "tidal-cycles"
      }
    },
    "superdirt-src": {
      "flake": false,
      "locked": {
        "lastModified": 1697377840,
        "narHash": "sha256-9qU9CHYAXbN1IE3xXDqGipuroifVaSVXj3c/cDfwM80=",
        "owner": "musikinformatik",
        "repo": "superdirt",
        "rev": "c7f32998572984705d340e7c1b9ed9ad998a39b6",
        "type": "github"
      },
      "original": {
        "owner": "musikinformatik",
        "repo": "superdirt",
        "type": "github"
      }
    },
    "tidal-cycles": {
      "inputs": {
        "dirt-samples-src": "dirt-samples-src",
        "nixpkgs": [
          "nixpkgs"
        ],
        "superdirt-src": "superdirt-src",
        "tidal-src": "tidal-src",
        "vim-tidal-src": "vim-tidal-src",
        "vowel-src": "vowel-src"
      },
      "locked": {
        "lastModified": 1730626669,
        "narHash": "sha256-nFyZrvTPn9OM9UZmuAwy3e1Ba0ZuYc2FaDCOOhGtqg4=",
        "owner": "mitchmindtree",
        "repo": "tidalcycles.nix",
        "rev": "0db0918e7a3d3c30ed7a6e81dc9d4e3832870ac4",
        "type": "github"
      },
      "original": {
        "owner": "mitchmindtree",
        "repo": "tidalcycles.nix",
        "type": "github"
      }
    },
    "tidal-src": {
      "flake": false,
      "locked": {
        "lastModified": 1712519522,
        "narHash": "sha256-LbvxQmVxHElidCgvt+w0g1k+QQbNLebK46vtRCgsLeQ=",
        "owner": "tidalcycles",
        "repo": "tidal",
        "rev": "88f09edf6bef2228d5f530dea872b08a9d803066",
        "type": "github"
      },
      "original": {
        "owner": "tidalcycles",
        "ref": "v1.9.5",
        "repo": "tidal",
        "type": "github"
      }
    },
    "treefmt-nix": {
      "inputs": {
        "nixpkgs": [
          "neovim-nightly-overlay",
          "nixpkgs"
        ]
      },
      "locked": {
        "lastModified": 1758728421,
        "narHash": "sha256-ySNJ008muQAds2JemiyrWYbwbG+V7S5wg3ZVKGHSFu8=",
        "owner": "numtide",
        "repo": "treefmt-nix",
        "rev": "5eda4ee8121f97b218f7cc73f5172098d458f1d1",
        "type": "github"
      },
      "original": {
        "owner": "numtide",
        "repo": "treefmt-nix",
        "type": "github"
      }
    },
    "vim-tidal-src": {
      "flake": false,
      "locked": {
        "lastModified": 1685703852,
        "narHash": "sha256-8gyk17YLeKpLpz3LRtxiwbpsIbZka9bb63nK5/9IUoA=",
        "owner": "tidalcycles",
        "repo": "vim-tidal",
        "rev": "e440fe5bdfe07f805e21e6872099685d38e8b761",
        "type": "github"
      },
      "original": {
        "owner": "tidalcycles",
        "repo": "vim-tidal",
        "type": "github"
      }
    },
    "vowel-src": {
      "flake": false,
      "locked": {
        "lastModified": 1641306144,
        "narHash": "sha256-zfF6cvAGDNYWYsE8dOIo38b+dIymd17Pexg0HiPFbxM=",
        "owner": "supercollider-quarks",
        "repo": "vowel",
        "rev": "ab59caa870201ecf2604b3efdd2196e21a8b5446",
        "type": "github"
      },
      "original": {
        "owner": "supercollider-quarks",
        "repo": "vowel",
        "type": "github"
      }
    }
  },
  "root": "root",
  "version": 7
}
