{
  "nodes": {
    "nixCats": {
      "locked": {
        "lastModified": 1755685723,
        "narHash": "sha256-WU7yfMmEbYmJnTWPe0RQpZyjf3c+btJ3BfE9RlnTtU0=",
        "owner": "BirdeeHub",
        "repo": "nixCats-nvim",
        "rev": "515fb737c41504df023f9638aa0b63111a881c76",
        "type": "github"
      },
      "original": {
        "owner": "BirdeeHub",
        "repo": "nixCats-nvim",
        "type": "github"
      }
    },
    "nixpkgs": {
      "locked": {
        "lastModified": 1755829505,
        "narHash": "sha256-4/Jd+LkQ2ssw8luQVkqVs9spDBVE6h/u/hC/tzngsPo=",
        "owner": "nixos",
        "repo": "nixpkgs",
        "rev": "f937f8ecd1c70efd7e9f90ba13dfb400cf559de4",
        "type": "github"
      },
      "original": {
        "owner": "nixos",
        "ref": "nixpkgs-unstable",
        "repo": "nixpkgs",
        "type": "github"
      }
    },
    "root": {
      "inputs": {
        "nixCats": "nixCats",
        "nixpkgs": "nixpkgs"
      }
    }
  },
  "root": "root",
  "version": 7
}
